
Microsoft Visual Studio Solution File, Format Version 12.00
# Visual Studio Version 17
VisualStudioVersion = 17.1.32210.238
MinimumVisualStudioVersion = 10.0.40219.1
Project("{9A19103F-16F7-4668-BE54-9A1E7A4F7556}") = "SagasPattern", "SagasPattern\SagasPattern.csproj", "{4BB3824D-F43C-4820-A7E8-9512EAFC7FE6}"
EndProject
Project("{FAE04EC0-301F-11D3-BF4B-00C04F79EFBC}") = "CreateMessage", "CreateMessage\CreateMessage.csproj", "{E1732D04-36A9-4D90-9FCB-5900C64D596A}"
EndProject
Project("{FAE04EC0-301F-11D3-BF4B-00C04F79EFBC}") = "Contract", "Contract\Contract.csproj", "{64EF6AA3-921D-4E19-B49C-0E5AF5E0EA01}"
EndProject
Global
	GlobalSection(SolutionConfigurationPlatforms) = preSolution
		Debug|Any CPU = Debug|Any CPU
		Release|Any CPU = Release|Any CPU
	EndGlobalSection
	GlobalSection(ProjectConfigurationPlatforms) = postSolution
		{4BB3824D-F43C-4820-A7E8-9512EAFC7FE6}.Debug|Any CPU.ActiveCfg = Debug|Any CPU
		{4BB3824D-F43C-4820-A7E8-9512EAFC7FE6}.Debug|Any CPU.Build.0 = Debug|Any CPU
		{4BB3824D-F43C-4820-A7E8-9512EAFC7FE6}.Release|Any CPU.ActiveCfg = Release|Any CPU
		{4BB3824D-F43C-4820-A7E8-9512EAFC7FE6}.Release|Any CPU.Build.0 = Release|Any CPU
		{E1732D04-36A9-4D90-9FCB-5900C64D596A}.Debug|Any CPU.ActiveCfg = Debug|Any CPU
		{E1732D04-36A9-4D90-9FCB-5900C64D596A}.Debug|Any CPU.Build.0 = Debug|Any CPU
		{E1732D04-36A9-4D90-9FCB-5900C64D596A}.Release|Any CPU.ActiveCfg = Release|Any CPU
		{E1732D04-36A9-4D90-9FCB-5900C64D596A}.Release|Any CPU.Build.0 = Release|Any CPU
		{64EF6AA3-921D-4E19-B49C-0E5AF5E0EA01}.Debug|Any CPU.ActiveCfg = Debug|Any CPU
		{64EF6AA3-921D-4E19-B49C-0E5AF5E0EA01}.Debug|Any CPU.Build.0 = Debug|Any CPU
		{64EF6AA3-921D-4E19-B49C-0E5AF5E0EA01}.Release|Any CPU.ActiveCfg = Release|Any CPU
		{64EF6AA3-921D-4E19-B49C-0E5AF5E0EA01}.Release|Any CPU.Build.0 = Release|Any CPU
	EndGlobalSection
	GlobalSection(SolutionProperties) = preSolution
		HideSolutionNode = FALSE
	EndGlobalSection
	GlobalSection(ExtensibilityGlobals) = postSolution
		SolutionGuid = {7F7FAD73-38E4-43E9-A12E-381490E7D32B}
	EndGlobalSection
EndGlobal
